
Microsoft Visual Studio Solution File, Format Version 12.00
# Visual Studio Version 17
VisualStudioVersion = 17.6.33815.320
MinimumVisualStudioVersion = 10.0.40219.1
Project("{FAE04EC0-301F-11D3-BF4B-00C04F79EFBC}") = "Personal MVC Site", "Personal MVC Site\Personal MVC Site.csproj", "{9C5415C1-504B-4A22-97BC-2ADD5F983E19}"
EndProject
Global
	GlobalSection(SolutionConfigurationPlatforms) = preSolution
		Debug|Any CPU = Debug|Any CPU
		Release|Any CPU = Release|Any CPU
	EndGlobalSection
	GlobalSection(ProjectConfigurationPlatforms) = postSolution
		{9C5415C1-504B-4A22-97BC-2ADD5F983E19}.Debug|Any CPU.ActiveCfg = Debug|Any CPU
		{9C5415C1-504B-4A22-97BC-2ADD5F983E19}.Debug|Any CPU.Build.0 = Debug|Any CPU
		{9C5415C1-504B-4A22-97BC-2ADD5F983E19}.Release|Any CPU.ActiveCfg = Release|Any CPU
		{9C5415C1-504B-4A22-97BC-2ADD5F983E19}.Release|Any CPU.Build.0 = Release|Any CPU
	EndGlobalSection
	GlobalSection(SolutionProperties) = preSolution
		HideSolutionNode = FALSE
	EndGlobalSection
	GlobalSection(ExtensibilityGlobals) = postSolution
		SolutionGuid = {55BC30E7-89B8-486B-B7BA-FF9F704FDC31}
	EndGlobalSection
EndGlobal
